
Microsoft Visual Studio Solution File, Format Version 12.00
# Visual Studio Version 17
VisualStudioVersion = 17.13.35913.81 d17.13
MinimumVisualStudioVersion = 10.0.40219.1
Project("{FAE04EC0-301F-11D3-BF4B-00C04F79EFBC}") = "Presentation", "Presentation\Presentation.csproj", "{DC72A1B9-7A87-4F25-B224-AED4A9D415C1}"
EndProject
Project("{FAE04EC0-301F-11D3-BF4B-00C04F79EFBC}") = "Common", "Common\Common.csproj", "{CC7D7321-1368-476F-AAED-2592EB70204C}"
EndProject
Project("{FAE04EC0-301F-11D3-BF4B-00C04F79EFBC}") = "DataAccess", "DataAccess\DataAccess.csproj", "{BFABB63D-6590-4E43-BB5B-6C0480BF4DD9}"
EndProject
Global
	GlobalSection(SolutionConfigurationPlatforms) = preSolution
		Debug|Any CPU = Debug|Any CPU
		Release|Any CPU = Release|Any CPU
	EndGlobalSection
	GlobalSection(ProjectConfigurationPlatforms) = postSolution
		{DC72A1B9-7A87-4F25-B224-AED4A9D415C1}.Debug|Any CPU.ActiveCfg = Debug|Any CPU
		{DC72A1B9-7A87-4F25-B224-AED4A9D415C1}.Debug|Any CPU.Build.0 = Debug|Any CPU
		{DC72A1B9-7A87-4F25-B224-AED4A9D415C1}.Release|Any CPU.ActiveCfg = Release|Any CPU
		{DC72A1B9-7A87-4F25-B224-AED4A9D415C1}.Release|Any CPU.Build.0 = Release|Any CPU
		{CC7D7321-1368-476F-AAED-2592EB70204C}.Debug|Any CPU.ActiveCfg = Debug|Any CPU
		{CC7D7321-1368-476F-AAED-2592EB70204C}.Debug|Any CPU.Build.0 = Debug|Any CPU
		{CC7D7321-1368-476F-AAED-2592EB70204C}.Release|Any CPU.ActiveCfg = Release|Any CPU
		{CC7D7321-1368-476F-AAED-2592EB70204C}.Release|Any CPU.Build.0 = Release|Any CPU
		{BFABB63D-6590-4E43-BB5B-6C0480BF4DD9}.Debug|Any CPU.ActiveCfg = Debug|Any CPU
		{BFABB63D-6590-4E43-BB5B-6C0480BF4DD9}.Debug|Any CPU.Build.0 = Debug|Any CPU
		{BFABB63D-6590-4E43-BB5B-6C0480BF4DD9}.Release|Any CPU.ActiveCfg = Release|Any CPU
		{BFABB63D-6590-4E43-BB5B-6C0480BF4DD9}.Release|Any CPU.Build.0 = Release|Any CPU
	EndGlobalSection
	GlobalSection(SolutionProperties) = preSolution
		HideSolutionNode = FALSE
	EndGlobalSection
	GlobalSection(ExtensibilityGlobals) = postSolution
		SolutionGuid = {DD67A2D0-FBD9-469A-A029-B9FF49F0F460}
	EndGlobalSection
EndGlobal
